
Microsoft Visual Studio Solution File, Format Version 11.00
# Visual Studio 2010
Project("{FAE04EC0-301F-11D3-BF4B-00C04F79EFBC}") = "HuntTheWumpus", "HuntTheWumpus\HuntTheWumpus\HuntTheWumpus.csproj", "{A99CD794-E7D3-4934-9673-1AA3D0B6449F}"
EndProject
Project("{96E2B04D-8817-42C6-938A-82C39BA4D311}") = "HuntTheWumpusContent", "HuntTheWumpus\HuntTheWumpusContent\HuntTheWumpusContent.contentproj", "{B42B9779-D019-42A5-8693-126E3080AB80}"
EndProject
Global
	GlobalSection(SolutionConfigurationPlatforms) = preSolution
		Debug|x86 = Debug|x86
		Release|x86 = Release|x86
	EndGlobalSection
	GlobalSection(ProjectConfigurationPlatforms) = postSolution
		{A99CD794-E7D3-4934-9673-1AA3D0B6449F}.Debug|x86.ActiveCfg = Debug|x86
		{A99CD794-E7D3-4934-9673-1AA3D0B6449F}.Debug|x86.Build.0 = Debug|x86
		{A99CD794-E7D3-4934-9673-1AA3D0B6449F}.Release|x86.ActiveCfg = Release|x86
		{A99CD794-E7D3-4934-9673-1AA3D0B6449F}.Release|x86.Build.0 = Release|x86
		{B42B9779-D019-42A5-8693-126E3080AB80}.Debug|x86.ActiveCfg = Debug|x86
		{B42B9779-D019-42A5-8693-126E3080AB80}.Release|x86.ActiveCfg = Release|x86
	EndGlobalSection
	GlobalSection(SolutionProperties) = preSolution
		HideSolutionNode = FALSE
	EndGlobalSection
EndGlobal
